
Microsoft Visual Studio Solution File, Format Version 12.00
# Visual Studio Version 16
VisualStudioVersion = 16.0.28729.10
MinimumVisualStudioVersion = 15.0.26124.0
Project("{9A19103F-16F7-4668-BE54-9A1E7A4F7556}") = "ProjectDorm.Api", "ProjectDorm.Api\ProjectDorm.Api.csproj", "{754B975C-1A1E-485A-943F-05146DCBFA5C}"
EndProject
Project("{9A19103F-16F7-4668-BE54-9A1E7A4F7556}") = "ProjectDorm.Infrastructure", "ProjectDorm.Infrastructure\ProjectDorm.Infrastructure.csproj", "{BD3BB7E8-4147-4453-AFD5-1BED48150F78}"
EndProject
Project("{9A19103F-16F7-4668-BE54-9A1E7A4F7556}") = "ProjectDorm.Domain", "ProjectDorm.Domain\ProjectDorm.Domain.csproj", "{1CF6AB4F-9386-4689-80C3-2B61FD939A04}"
EndProject
Project("{2150E333-8FDC-42A3-9474-1A3956D46DE8}") = "lib", "lib", "{7621E98E-39D7-4D0F-8FED-B64A0FB4742A}"
EndProject
Global
	GlobalSection(SolutionConfigurationPlatforms) = preSolution
		Debug|Any CPU = Debug|Any CPU
		Debug|x64 = Debug|x64
		Debug|x86 = Debug|x86
		Release|Any CPU = Release|Any CPU
		Release|x64 = Release|x64
		Release|x86 = Release|x86
	EndGlobalSection
	GlobalSection(ProjectConfigurationPlatforms) = postSolution
		{754B975C-1A1E-485A-943F-05146DCBFA5C}.Debug|Any CPU.ActiveCfg = Debug|Any CPU
		{754B975C-1A1E-485A-943F-05146DCBFA5C}.Debug|Any CPU.Build.0 = Debug|Any CPU
		{754B975C-1A1E-485A-943F-05146DCBFA5C}.Debug|x64.ActiveCfg = Debug|Any CPU
		{754B975C-1A1E-485A-943F-05146DCBFA5C}.Debug|x64.Build.0 = Debug|Any CPU
		{754B975C-1A1E-485A-943F-05146DCBFA5C}.Debug|x86.ActiveCfg = Debug|Any CPU
		{754B975C-1A1E-485A-943F-05146DCBFA5C}.Debug|x86.Build.0 = Debug|Any CPU
		{754B975C-1A1E-485A-943F-05146DCBFA5C}.Release|Any CPU.ActiveCfg = Release|Any CPU
		{754B975C-1A1E-485A-943F-05146DCBFA5C}.Release|Any CPU.Build.0 = Release|Any CPU
		{754B975C-1A1E-485A-943F-05146DCBFA5C}.Release|x64.ActiveCfg = Release|Any CPU
		{754B975C-1A1E-485A-943F-05146DCBFA5C}.Release|x64.Build.0 = Release|Any CPU
		{754B975C-1A1E-485A-943F-05146DCBFA5C}.Release|x86.ActiveCfg = Release|Any CPU
		{754B975C-1A1E-485A-943F-05146DCBFA5C}.Release|x86.Build.0 = Release|Any CPU
		{BD3BB7E8-4147-4453-AFD5-1BED48150F78}.Debug|Any CPU.ActiveCfg = Debug|Any CPU
		{BD3BB7E8-4147-4453-AFD5-1BED48150F78}.Debug|Any CPU.Build.0 = Debug|Any CPU
		{BD3BB7E8-4147-4453-AFD5-1BED48150F78}.Debug|x64.ActiveCfg = Debug|Any CPU
		{BD3BB7E8-4147-4453-AFD5-1BED48150F78}.Debug|x64.Build.0 = Debug|Any CPU
		{BD3BB7E8-4147-4453-AFD5-1BED48150F78}.Debug|x86.ActiveCfg = Debug|Any CPU
		{BD3BB7E8-4147-4453-AFD5-1BED48150F78}.Debug|x86.Build.0 = Debug|Any CPU
		{BD3BB7E8-4147-4453-AFD5-1BED48150F78}.Release|Any CPU.ActiveCfg = Release|Any CPU
		{BD3BB7E8-4147-4453-AFD5-1BED48150F78}.Release|Any CPU.Build.0 = Release|Any CPU
		{BD3BB7E8-4147-4453-AFD5-1BED48150F78}.Release|x64.ActiveCfg = Release|Any CPU
		{BD3BB7E8-4147-4453-AFD5-1BED48150F78}.Release|x64.Build.0 = Release|Any CPU
		{BD3BB7E8-4147-4453-AFD5-1BED48150F78}.Release|x86.ActiveCfg = Release|Any CPU
		{BD3BB7E8-4147-4453-AFD5-1BED48150F78}.Release|x86.Build.0 = Release|Any CPU
		{1CF6AB4F-9386-4689-80C3-2B61FD939A04}.Debug|Any CPU.ActiveCfg = Debug|Any CPU
		{1CF6AB4F-9386-4689-80C3-2B61FD939A04}.Debug|Any CPU.Build.0 = Debug|Any CPU
		{1CF6AB4F-9386-4689-80C3-2B61FD939A04}.Debug|x64.ActiveCfg = Debug|Any CPU
		{1CF6AB4F-9386-4689-80C3-2B61FD939A04}.Debug|x64.Build.0 = Debug|Any CPU
		{1CF6AB4F-9386-4689-80C3-2B61FD939A04}.Debug|x86.ActiveCfg = Debug|Any CPU
		{1CF6AB4F-9386-4689-80C3-2B61FD939A04}.Debug|x86.Build.0 = Debug|Any CPU
		{1CF6AB4F-9386-4689-80C3-2B61FD939A04}.Release|Any CPU.ActiveCfg = Release|Any CPU
		{1CF6AB4F-9386-4689-80C3-2B61FD939A04}.Release|Any CPU.Build.0 = Release|Any CPU
		{1CF6AB4F-9386-4689-80C3-2B61FD939A04}.Release|x64.ActiveCfg = Release|Any CPU
		{1CF6AB4F-9386-4689-80C3-2B61FD939A04}.Release|x64.Build.0 = Release|Any CPU
		{1CF6AB4F-9386-4689-80C3-2B61FD939A04}.Release|x86.ActiveCfg = Release|Any CPU
		{1CF6AB4F-9386-4689-80C3-2B61FD939A04}.Release|x86.Build.0 = Release|Any CPU
	EndGlobalSection
	GlobalSection(SolutionProperties) = preSolution
		HideSolutionNode = FALSE
	EndGlobalSection
	GlobalSection(NestedProjects) = preSolution
		{BD3BB7E8-4147-4453-AFD5-1BED48150F78} = {7621E98E-39D7-4D0F-8FED-B64A0FB4742A}
		{1CF6AB4F-9386-4689-80C3-2B61FD939A04} = {7621E98E-39D7-4D0F-8FED-B64A0FB4742A}
	EndGlobalSection
	GlobalSection(ExtensibilityGlobals) = postSolution
		SolutionGuid = {DBB8E5A4-F169-41DD-AF3E-E140D4C7F00C}
	EndGlobalSection
EndGlobal
